
Microsoft Visual Studio Solution File, Format Version 12.00
# Visual Studio Version 16
VisualStudioVersion = 16.0.31129.286
MinimumVisualStudioVersion = 10.0.40219.1
Project("{FAE04EC0-301F-11D3-BF4B-00C04F79EFBC}") = "rekenmachine5.0", "rekenmachine5.0\rekenmachine5.0.csproj", "{011E4B76-D050-4B37-B5E2-7A922743AB24}"
EndProject
Global
	GlobalSection(SolutionConfigurationPlatforms) = preSolution
		Debug|Any CPU = Debug|Any CPU
		Release|Any CPU = Release|Any CPU
	EndGlobalSection
	GlobalSection(ProjectConfigurationPlatforms) = postSolution
		{011E4B76-D050-4B37-B5E2-7A922743AB24}.Debug|Any CPU.ActiveCfg = Debug|Any CPU
		{011E4B76-D050-4B37-B5E2-7A922743AB24}.Debug|Any CPU.Build.0 = Debug|Any CPU
		{011E4B76-D050-4B37-B5E2-7A922743AB24}.Release|Any CPU.ActiveCfg = Release|Any CPU
		{011E4B76-D050-4B37-B5E2-7A922743AB24}.Release|Any CPU.Build.0 = Release|Any CPU
	EndGlobalSection
	GlobalSection(SolutionProperties) = preSolution
		HideSolutionNode = FALSE
	EndGlobalSection
	GlobalSection(ExtensibilityGlobals) = postSolution
		SolutionGuid = {912481AE-04E2-4971-ABE5-CF2845DD58BC}
	EndGlobalSection
EndGlobal
